
Microsoft Visual Studio Solution File, Format Version 12.00
# Visual Studio Version 16
VisualStudioVersion = 16.0.30428.66
MinimumVisualStudioVersion = 10.0.40219.1
Project("{FAE04EC0-301F-11D3-BF4B-00C04F79EFBC}") = "Unit 4_Challenging_Problems", "Unit 4_Challenging_Problems\Unit 4_Challenging_Problems.csproj", "{9C313AE2-CB1B-41F9-8491-7758FA8AE671}"
EndProject
Global
	GlobalSection(SolutionConfigurationPlatforms) = preSolution
		Debug|Any CPU = Debug|Any CPU
		Release|Any CPU = Release|Any CPU
	EndGlobalSection
	GlobalSection(ProjectConfigurationPlatforms) = postSolution
		{9C313AE2-CB1B-41F9-8491-7758FA8AE671}.Debug|Any CPU.ActiveCfg = Debug|Any CPU
		{9C313AE2-CB1B-41F9-8491-7758FA8AE671}.Debug|Any CPU.Build.0 = Debug|Any CPU
		{9C313AE2-CB1B-41F9-8491-7758FA8AE671}.Release|Any CPU.ActiveCfg = Release|Any CPU
		{9C313AE2-CB1B-41F9-8491-7758FA8AE671}.Release|Any CPU.Build.0 = Release|Any CPU
	EndGlobalSection
	GlobalSection(SolutionProperties) = preSolution
		HideSolutionNode = FALSE
	EndGlobalSection
	GlobalSection(ExtensibilityGlobals) = postSolution
		SolutionGuid = {6DA42499-ECC7-49D3-836C-247E1E6999E4}
	EndGlobalSection
EndGlobal
