
Microsoft Visual Studio Solution File, Format Version 12.00
# Visual Studio Version 16
VisualStudioVersion = 16.0.30428.66
MinimumVisualStudioVersion = 10.0.40219.1
Project("{FAE04EC0-301F-11D3-BF4B-00C04F79EFBC}") = "Unit 2_Challenging_problems", "Unit 2_Challenging_problems\Unit 2_Challenging_problems.csproj", "{00B4CA60-E7CB-4E00-94AA-765BAF573AD8}"
EndProject
Global
	GlobalSection(SolutionConfigurationPlatforms) = preSolution
		Debug|Any CPU = Debug|Any CPU
		Release|Any CPU = Release|Any CPU
	EndGlobalSection
	GlobalSection(ProjectConfigurationPlatforms) = postSolution
		{00B4CA60-E7CB-4E00-94AA-765BAF573AD8}.Debug|Any CPU.ActiveCfg = Debug|Any CPU
		{00B4CA60-E7CB-4E00-94AA-765BAF573AD8}.Debug|Any CPU.Build.0 = Debug|Any CPU
		{00B4CA60-E7CB-4E00-94AA-765BAF573AD8}.Release|Any CPU.ActiveCfg = Release|Any CPU
		{00B4CA60-E7CB-4E00-94AA-765BAF573AD8}.Release|Any CPU.Build.0 = Release|Any CPU
	EndGlobalSection
	GlobalSection(SolutionProperties) = preSolution
		HideSolutionNode = FALSE
	EndGlobalSection
	GlobalSection(ExtensibilityGlobals) = postSolution
		SolutionGuid = {A0D8ADC8-A174-4539-A4ED-2225C69BEB42}
	EndGlobalSection
EndGlobal
